
Microsoft Visual Studio Solution File, Format Version 12.00
# Visual Studio Version 17
VisualStudioVersion = 17.7.34009.444
MinimumVisualStudioVersion = 10.0.40219.1
Project("{FAE04EC0-301F-11D3-BF4B-00C04F79EFBC}") = "WEBMVC", "WEBMVC.csproj", "{760A2C54-99C2-4C17-9229-54D563A7B35D}"
EndProject
Global
	GlobalSection(SolutionConfigurationPlatforms) = preSolution
		Debug|Any CPU = Debug|Any CPU
		Release|Any CPU = Release|Any CPU
	EndGlobalSection
	GlobalSection(ProjectConfigurationPlatforms) = postSolution
		{760A2C54-99C2-4C17-9229-54D563A7B35D}.Debug|Any CPU.ActiveCfg = Debug|Any CPU
		{760A2C54-99C2-4C17-9229-54D563A7B35D}.Debug|Any CPU.Build.0 = Debug|Any CPU
		{760A2C54-99C2-4C17-9229-54D563A7B35D}.Release|Any CPU.ActiveCfg = Release|Any CPU
		{760A2C54-99C2-4C17-9229-54D563A7B35D}.Release|Any CPU.Build.0 = Release|Any CPU
	EndGlobalSection
	GlobalSection(SolutionProperties) = preSolution
		HideSolutionNode = FALSE
	EndGlobalSection
	GlobalSection(ExtensibilityGlobals) = postSolution
		SolutionGuid = {092608D1-41FE-4F41-AF72-764AB39E17AF}
	EndGlobalSection
EndGlobal
